
Microsoft Visual Studio Solution File, Format Version 12.00
# Visual Studio 2012
Project("{FAE04EC0-301F-11D3-BF4B-00C04F79EFBC}") = "UaRoadsWP", "UaRoadsWP\UaRoadsWP.csproj", "{28EDAA8A-BA66-489A-B926-1DD8EA6FA36A}"
EndProject
Project("{FAE04EC0-301F-11D3-BF4B-00C04F79EFBC}") = "UaRoadsWpApi", "UaRoadsWpApi\UaRoadsWpApi.csproj", "{D0285493-1DD0-4634-A4A9-335176DDBFE7}"
EndProject
Global
	GlobalSection(SolutionConfigurationPlatforms) = preSolution
		Debug|Any CPU = Debug|Any CPU
		Debug|ARM = Debug|ARM
		Debug|Mixed Platforms = Debug|Mixed Platforms
		Debug|x86 = Debug|x86
		Release|Any CPU = Release|Any CPU
		Release|ARM = Release|ARM
		Release|Mixed Platforms = Release|Mixed Platforms
		Release|x86 = Release|x86
		Test|Any CPU = Test|Any CPU
		Test|ARM = Test|ARM
		Test|Mixed Platforms = Test|Mixed Platforms
		Test|x86 = Test|x86
	EndGlobalSection
	GlobalSection(ProjectConfigurationPlatforms) = postSolution
		{28EDAA8A-BA66-489A-B926-1DD8EA6FA36A}.Debug|Any CPU.ActiveCfg = Debug|Any CPU
		{28EDAA8A-BA66-489A-B926-1DD8EA6FA36A}.Debug|Any CPU.Build.0 = Debug|Any CPU
		{28EDAA8A-BA66-489A-B926-1DD8EA6FA36A}.Debug|Any CPU.Deploy.0 = Debug|Any CPU
		{28EDAA8A-BA66-489A-B926-1DD8EA6FA36A}.Debug|ARM.ActiveCfg = Debug|ARM
		{28EDAA8A-BA66-489A-B926-1DD8EA6FA36A}.Debug|ARM.Build.0 = Debug|ARM
		{28EDAA8A-BA66-489A-B926-1DD8EA6FA36A}.Debug|ARM.Deploy.0 = Debug|ARM
		{28EDAA8A-BA66-489A-B926-1DD8EA6FA36A}.Debug|Mixed Platforms.ActiveCfg = Debug|x86
		{28EDAA8A-BA66-489A-B926-1DD8EA6FA36A}.Debug|Mixed Platforms.Build.0 = Debug|x86
		{28EDAA8A-BA66-489A-B926-1DD8EA6FA36A}.Debug|Mixed Platforms.Deploy.0 = Debug|x86
		{28EDAA8A-BA66-489A-B926-1DD8EA6FA36A}.Debug|x86.ActiveCfg = Debug|x86
		{28EDAA8A-BA66-489A-B926-1DD8EA6FA36A}.Debug|x86.Build.0 = Debug|x86
		{28EDAA8A-BA66-489A-B926-1DD8EA6FA36A}.Debug|x86.Deploy.0 = Debug|x86
		{28EDAA8A-BA66-489A-B926-1DD8EA6FA36A}.Release|Any CPU.ActiveCfg = Release|Any CPU
		{28EDAA8A-BA66-489A-B926-1DD8EA6FA36A}.Release|Any CPU.Build.0 = Release|Any CPU
		{28EDAA8A-BA66-489A-B926-1DD8EA6FA36A}.Release|Any CPU.Deploy.0 = Release|Any CPU
		{28EDAA8A-BA66-489A-B926-1DD8EA6FA36A}.Release|ARM.ActiveCfg = Release|ARM
		{28EDAA8A-BA66-489A-B926-1DD8EA6FA36A}.Release|ARM.Build.0 = Release|ARM
		{28EDAA8A-BA66-489A-B926-1DD8EA6FA36A}.Release|ARM.Deploy.0 = Release|ARM
		{28EDAA8A-BA66-489A-B926-1DD8EA6FA36A}.Release|Mixed Platforms.ActiveCfg = Release|x86
		{28EDAA8A-BA66-489A-B926-1DD8EA6FA36A}.Release|Mixed Platforms.Build.0 = Release|x86
		{28EDAA8A-BA66-489A-B926-1DD8EA6FA36A}.Release|Mixed Platforms.Deploy.0 = Release|x86
		{28EDAA8A-BA66-489A-B926-1DD8EA6FA36A}.Release|x86.ActiveCfg = Release|x86
		{28EDAA8A-BA66-489A-B926-1DD8EA6FA36A}.Release|x86.Build.0 = Release|x86
		{28EDAA8A-BA66-489A-B926-1DD8EA6FA36A}.Release|x86.Deploy.0 = Release|x86
		{28EDAA8A-BA66-489A-B926-1DD8EA6FA36A}.Test|Any CPU.ActiveCfg = Release|Any CPU
		{28EDAA8A-BA66-489A-B926-1DD8EA6FA36A}.Test|Any CPU.Build.0 = Release|Any CPU
		{28EDAA8A-BA66-489A-B926-1DD8EA6FA36A}.Test|Any CPU.Deploy.0 = Release|Any CPU
		{28EDAA8A-BA66-489A-B926-1DD8EA6FA36A}.Test|ARM.ActiveCfg = Release|ARM
		{28EDAA8A-BA66-489A-B926-1DD8EA6FA36A}.Test|ARM.Build.0 = Release|ARM
		{28EDAA8A-BA66-489A-B926-1DD8EA6FA36A}.Test|ARM.Deploy.0 = Release|ARM
		{28EDAA8A-BA66-489A-B926-1DD8EA6FA36A}.Test|Mixed Platforms.ActiveCfg = Release|x86
		{28EDAA8A-BA66-489A-B926-1DD8EA6FA36A}.Test|Mixed Platforms.Build.0 = Release|x86
		{28EDAA8A-BA66-489A-B926-1DD8EA6FA36A}.Test|Mixed Platforms.Deploy.0 = Release|x86
		{28EDAA8A-BA66-489A-B926-1DD8EA6FA36A}.Test|x86.ActiveCfg = Release|x86
		{28EDAA8A-BA66-489A-B926-1DD8EA6FA36A}.Test|x86.Build.0 = Release|x86
		{28EDAA8A-BA66-489A-B926-1DD8EA6FA36A}.Test|x86.Deploy.0 = Release|x86
		{D0285493-1DD0-4634-A4A9-335176DDBFE7}.Debug|Any CPU.ActiveCfg = Debug|Any CPU
		{D0285493-1DD0-4634-A4A9-335176DDBFE7}.Debug|Any CPU.Build.0 = Debug|Any CPU
		{D0285493-1DD0-4634-A4A9-335176DDBFE7}.Debug|ARM.ActiveCfg = Debug|ARM
		{D0285493-1DD0-4634-A4A9-335176DDBFE7}.Debug|ARM.Build.0 = Debug|ARM
		{D0285493-1DD0-4634-A4A9-335176DDBFE7}.Debug|Mixed Platforms.ActiveCfg = Debug|x86
		{D0285493-1DD0-4634-A4A9-335176DDBFE7}.Debug|Mixed Platforms.Build.0 = Debug|x86
		{D0285493-1DD0-4634-A4A9-335176DDBFE7}.Debug|x86.ActiveCfg = Debug|x86
		{D0285493-1DD0-4634-A4A9-335176DDBFE7}.Debug|x86.Build.0 = Debug|x86
		{D0285493-1DD0-4634-A4A9-335176DDBFE7}.Release|Any CPU.ActiveCfg = Release|Any CPU
		{D0285493-1DD0-4634-A4A9-335176DDBFE7}.Release|Any CPU.Build.0 = Release|Any CPU
		{D0285493-1DD0-4634-A4A9-335176DDBFE7}.Release|ARM.ActiveCfg = Release|ARM
		{D0285493-1DD0-4634-A4A9-335176DDBFE7}.Release|ARM.Build.0 = Release|ARM
		{D0285493-1DD0-4634-A4A9-335176DDBFE7}.Release|Mixed Platforms.ActiveCfg = Release|x86
		{D0285493-1DD0-4634-A4A9-335176DDBFE7}.Release|Mixed Platforms.Build.0 = Release|x86
		{D0285493-1DD0-4634-A4A9-335176DDBFE7}.Release|x86.ActiveCfg = Release|x86
		{D0285493-1DD0-4634-A4A9-335176DDBFE7}.Release|x86.Build.0 = Release|x86
		{D0285493-1DD0-4634-A4A9-335176DDBFE7}.Test|Any CPU.ActiveCfg = Release|Any CPU
		{D0285493-1DD0-4634-A4A9-335176DDBFE7}.Test|Any CPU.Build.0 = Release|Any CPU
		{D0285493-1DD0-4634-A4A9-335176DDBFE7}.Test|ARM.ActiveCfg = Release|ARM
		{D0285493-1DD0-4634-A4A9-335176DDBFE7}.Test|ARM.Build.0 = Release|ARM
		{D0285493-1DD0-4634-A4A9-335176DDBFE7}.Test|Mixed Platforms.ActiveCfg = Release|x86
		{D0285493-1DD0-4634-A4A9-335176DDBFE7}.Test|Mixed Platforms.Build.0 = Release|x86
		{D0285493-1DD0-4634-A4A9-335176DDBFE7}.Test|x86.ActiveCfg = Release|x86
		{D0285493-1DD0-4634-A4A9-335176DDBFE7}.Test|x86.Build.0 = Release|x86
	EndGlobalSection
	GlobalSection(SolutionProperties) = preSolution
		HideSolutionNode = FALSE
	EndGlobalSection
EndGlobal
