
Microsoft Visual Studio Solution File, Format Version 12.00
# Visual Studio 2013
VisualStudioVersion = 12.0.31101.0
MinimumVisualStudioVersion = 10.0.40219.1
Project("{FAE04EC0-301F-11D3-BF4B-00C04F79EFBC}") = "UaRoadsWP", "UaRoadsWP\UaRoadsWP.csproj", "{28EDAA8A-BA66-489A-B926-1DD8EA6FA36A}"
EndProject
Project("{2150E333-8FDC-42A3-9474-1A3956D46DE8}") = ".nuget", ".nuget", "{23E033E4-441B-4071-AC3D-3AB45075571C}"
	ProjectSection(SolutionItems) = preProject
		.nuget\NuGet.Config = .nuget\NuGet.Config
		.nuget\NuGet.exe = .nuget\NuGet.exe
		.nuget\NuGet.targets = .nuget\NuGet.targets
	EndProjectSection
EndProject
Project("{FAE04EC0-301F-11D3-BF4B-00C04F79EFBC}") = "UR.WP81", "UR.WP81\UR.WP81.csproj", "{34BCF6BF-8361-4EFD-AD37-6E7AE5453E53}"
EndProject
Project("{FAE04EC0-301F-11D3-BF4B-00C04F79EFBC}") = "UR.Core.WP81", "UR.Core.WP81\UR.Core.WP81.csproj", "{1504AFF2-ADE5-42E4-9F19-D622B07DC059}"
EndProject
Project("{FAE04EC0-301F-11D3-BF4B-00C04F79EFBC}") = "Eve.Caliburn.WPA81", "..\..\devrain\MegogoGit\Eve.Caliburn.WPA81\Eve.Caliburn.WPA81.csproj", "{EB9A2E1E-4AA4-4F78-88AD-335F78FD8884}"
EndProject
Project("{FAE04EC0-301F-11D3-BF4B-00C04F79EFBC}") = "Eve.Core.WPA81", "..\..\devrain\MegogoGit\Eve.Core.WPA81\Eve.Core.WPA81.csproj", "{6808E11E-2C69-4DB1-B70E-05AA5671EFE2}"
EndProject
Global
	GlobalSection(SolutionConfigurationPlatforms) = preSolution
		Debug|Any CPU = Debug|Any CPU
		Debug|ARM = Debug|ARM
		Debug|Mixed Platforms = Debug|Mixed Platforms
		Debug|x86 = Debug|x86
		Release|Any CPU = Release|Any CPU
		Release|ARM = Release|ARM
		Release|Mixed Platforms = Release|Mixed Platforms
		Release|x86 = Release|x86
		Test|Any CPU = Test|Any CPU
		Test|ARM = Test|ARM
		Test|Mixed Platforms = Test|Mixed Platforms
		Test|x86 = Test|x86
	EndGlobalSection
	GlobalSection(ProjectConfigurationPlatforms) = postSolution
		{28EDAA8A-BA66-489A-B926-1DD8EA6FA36A}.Debug|Any CPU.ActiveCfg = Debug|Any CPU
		{28EDAA8A-BA66-489A-B926-1DD8EA6FA36A}.Debug|Any CPU.Build.0 = Debug|Any CPU
		{28EDAA8A-BA66-489A-B926-1DD8EA6FA36A}.Debug|Any CPU.Deploy.0 = Debug|Any CPU
		{28EDAA8A-BA66-489A-B926-1DD8EA6FA36A}.Debug|ARM.ActiveCfg = Debug|ARM
		{28EDAA8A-BA66-489A-B926-1DD8EA6FA36A}.Debug|ARM.Build.0 = Debug|ARM
		{28EDAA8A-BA66-489A-B926-1DD8EA6FA36A}.Debug|ARM.Deploy.0 = Debug|ARM
		{28EDAA8A-BA66-489A-B926-1DD8EA6FA36A}.Debug|Mixed Platforms.ActiveCfg = Debug|x86
		{28EDAA8A-BA66-489A-B926-1DD8EA6FA36A}.Debug|Mixed Platforms.Deploy.0 = Debug|x86
		{28EDAA8A-BA66-489A-B926-1DD8EA6FA36A}.Debug|x86.ActiveCfg = Debug|x86
		{28EDAA8A-BA66-489A-B926-1DD8EA6FA36A}.Debug|x86.Build.0 = Debug|x86
		{28EDAA8A-BA66-489A-B926-1DD8EA6FA36A}.Debug|x86.Deploy.0 = Debug|x86
		{28EDAA8A-BA66-489A-B926-1DD8EA6FA36A}.Release|Any CPU.ActiveCfg = Release|Any CPU
		{28EDAA8A-BA66-489A-B926-1DD8EA6FA36A}.Release|Any CPU.Build.0 = Release|Any CPU
		{28EDAA8A-BA66-489A-B926-1DD8EA6FA36A}.Release|Any CPU.Deploy.0 = Release|Any CPU
		{28EDAA8A-BA66-489A-B926-1DD8EA6FA36A}.Release|ARM.ActiveCfg = Release|ARM
		{28EDAA8A-BA66-489A-B926-1DD8EA6FA36A}.Release|ARM.Build.0 = Release|ARM
		{28EDAA8A-BA66-489A-B926-1DD8EA6FA36A}.Release|ARM.Deploy.0 = Release|ARM
		{28EDAA8A-BA66-489A-B926-1DD8EA6FA36A}.Release|Mixed Platforms.ActiveCfg = Release|x86
		{28EDAA8A-BA66-489A-B926-1DD8EA6FA36A}.Release|Mixed Platforms.Build.0 = Release|x86
		{28EDAA8A-BA66-489A-B926-1DD8EA6FA36A}.Release|Mixed Platforms.Deploy.0 = Release|x86
		{28EDAA8A-BA66-489A-B926-1DD8EA6FA36A}.Release|x86.ActiveCfg = Release|x86
		{28EDAA8A-BA66-489A-B926-1DD8EA6FA36A}.Release|x86.Build.0 = Release|x86
		{28EDAA8A-BA66-489A-B926-1DD8EA6FA36A}.Release|x86.Deploy.0 = Release|x86
		{28EDAA8A-BA66-489A-B926-1DD8EA6FA36A}.Test|Any CPU.ActiveCfg = Release|Any CPU
		{28EDAA8A-BA66-489A-B926-1DD8EA6FA36A}.Test|Any CPU.Build.0 = Release|Any CPU
		{28EDAA8A-BA66-489A-B926-1DD8EA6FA36A}.Test|Any CPU.Deploy.0 = Release|Any CPU
		{28EDAA8A-BA66-489A-B926-1DD8EA6FA36A}.Test|ARM.ActiveCfg = Release|ARM
		{28EDAA8A-BA66-489A-B926-1DD8EA6FA36A}.Test|ARM.Build.0 = Release|ARM
		{28EDAA8A-BA66-489A-B926-1DD8EA6FA36A}.Test|ARM.Deploy.0 = Release|ARM
		{28EDAA8A-BA66-489A-B926-1DD8EA6FA36A}.Test|Mixed Platforms.ActiveCfg = Release|x86
		{28EDAA8A-BA66-489A-B926-1DD8EA6FA36A}.Test|Mixed Platforms.Build.0 = Release|x86
		{28EDAA8A-BA66-489A-B926-1DD8EA6FA36A}.Test|Mixed Platforms.Deploy.0 = Release|x86
		{28EDAA8A-BA66-489A-B926-1DD8EA6FA36A}.Test|x86.ActiveCfg = Release|x86
		{28EDAA8A-BA66-489A-B926-1DD8EA6FA36A}.Test|x86.Build.0 = Release|x86
		{28EDAA8A-BA66-489A-B926-1DD8EA6FA36A}.Test|x86.Deploy.0 = Release|x86
		{34BCF6BF-8361-4EFD-AD37-6E7AE5453E53}.Debug|Any CPU.ActiveCfg = Debug|Any CPU
		{34BCF6BF-8361-4EFD-AD37-6E7AE5453E53}.Debug|Any CPU.Build.0 = Debug|Any CPU
		{34BCF6BF-8361-4EFD-AD37-6E7AE5453E53}.Debug|Any CPU.Deploy.0 = Debug|Any CPU
		{34BCF6BF-8361-4EFD-AD37-6E7AE5453E53}.Debug|ARM.ActiveCfg = Debug|ARM
		{34BCF6BF-8361-4EFD-AD37-6E7AE5453E53}.Debug|ARM.Build.0 = Debug|ARM
		{34BCF6BF-8361-4EFD-AD37-6E7AE5453E53}.Debug|ARM.Deploy.0 = Debug|ARM
		{34BCF6BF-8361-4EFD-AD37-6E7AE5453E53}.Debug|Mixed Platforms.ActiveCfg = Debug|x86
		{34BCF6BF-8361-4EFD-AD37-6E7AE5453E53}.Debug|Mixed Platforms.Build.0 = Debug|x86
		{34BCF6BF-8361-4EFD-AD37-6E7AE5453E53}.Debug|Mixed Platforms.Deploy.0 = Debug|x86
		{34BCF6BF-8361-4EFD-AD37-6E7AE5453E53}.Debug|x86.ActiveCfg = Debug|x86
		{34BCF6BF-8361-4EFD-AD37-6E7AE5453E53}.Debug|x86.Build.0 = Debug|x86
		{34BCF6BF-8361-4EFD-AD37-6E7AE5453E53}.Debug|x86.Deploy.0 = Debug|x86
		{34BCF6BF-8361-4EFD-AD37-6E7AE5453E53}.Release|Any CPU.ActiveCfg = Release|Any CPU
		{34BCF6BF-8361-4EFD-AD37-6E7AE5453E53}.Release|Any CPU.Build.0 = Release|Any CPU
		{34BCF6BF-8361-4EFD-AD37-6E7AE5453E53}.Release|Any CPU.Deploy.0 = Release|Any CPU
		{34BCF6BF-8361-4EFD-AD37-6E7AE5453E53}.Release|ARM.ActiveCfg = Release|ARM
		{34BCF6BF-8361-4EFD-AD37-6E7AE5453E53}.Release|ARM.Build.0 = Release|ARM
		{34BCF6BF-8361-4EFD-AD37-6E7AE5453E53}.Release|ARM.Deploy.0 = Release|ARM
		{34BCF6BF-8361-4EFD-AD37-6E7AE5453E53}.Release|Mixed Platforms.ActiveCfg = Release|x86
		{34BCF6BF-8361-4EFD-AD37-6E7AE5453E53}.Release|Mixed Platforms.Build.0 = Release|x86
		{34BCF6BF-8361-4EFD-AD37-6E7AE5453E53}.Release|Mixed Platforms.Deploy.0 = Release|x86
		{34BCF6BF-8361-4EFD-AD37-6E7AE5453E53}.Release|x86.ActiveCfg = Release|x86
		{34BCF6BF-8361-4EFD-AD37-6E7AE5453E53}.Release|x86.Build.0 = Release|x86
		{34BCF6BF-8361-4EFD-AD37-6E7AE5453E53}.Release|x86.Deploy.0 = Release|x86
		{34BCF6BF-8361-4EFD-AD37-6E7AE5453E53}.Test|Any CPU.ActiveCfg = Release|Any CPU
		{34BCF6BF-8361-4EFD-AD37-6E7AE5453E53}.Test|Any CPU.Build.0 = Release|Any CPU
		{34BCF6BF-8361-4EFD-AD37-6E7AE5453E53}.Test|Any CPU.Deploy.0 = Release|Any CPU
		{34BCF6BF-8361-4EFD-AD37-6E7AE5453E53}.Test|ARM.ActiveCfg = Release|ARM
		{34BCF6BF-8361-4EFD-AD37-6E7AE5453E53}.Test|ARM.Build.0 = Release|ARM
		{34BCF6BF-8361-4EFD-AD37-6E7AE5453E53}.Test|ARM.Deploy.0 = Release|ARM
		{34BCF6BF-8361-4EFD-AD37-6E7AE5453E53}.Test|Mixed Platforms.ActiveCfg = Release|x86
		{34BCF6BF-8361-4EFD-AD37-6E7AE5453E53}.Test|Mixed Platforms.Build.0 = Release|x86
		{34BCF6BF-8361-4EFD-AD37-6E7AE5453E53}.Test|Mixed Platforms.Deploy.0 = Release|x86
		{34BCF6BF-8361-4EFD-AD37-6E7AE5453E53}.Test|x86.ActiveCfg = Release|x86
		{34BCF6BF-8361-4EFD-AD37-6E7AE5453E53}.Test|x86.Build.0 = Release|x86
		{34BCF6BF-8361-4EFD-AD37-6E7AE5453E53}.Test|x86.Deploy.0 = Release|x86
		{1504AFF2-ADE5-42E4-9F19-D622B07DC059}.Debug|Any CPU.ActiveCfg = Debug|Any CPU
		{1504AFF2-ADE5-42E4-9F19-D622B07DC059}.Debug|Any CPU.Build.0 = Debug|Any CPU
		{1504AFF2-ADE5-42E4-9F19-D622B07DC059}.Debug|ARM.ActiveCfg = Debug|ARM
		{1504AFF2-ADE5-42E4-9F19-D622B07DC059}.Debug|ARM.Build.0 = Debug|ARM
		{1504AFF2-ADE5-42E4-9F19-D622B07DC059}.Debug|Mixed Platforms.ActiveCfg = Debug|x86
		{1504AFF2-ADE5-42E4-9F19-D622B07DC059}.Debug|Mixed Platforms.Build.0 = Debug|x86
		{1504AFF2-ADE5-42E4-9F19-D622B07DC059}.Debug|x86.ActiveCfg = Debug|x86
		{1504AFF2-ADE5-42E4-9F19-D622B07DC059}.Debug|x86.Build.0 = Debug|x86
		{1504AFF2-ADE5-42E4-9F19-D622B07DC059}.Release|Any CPU.ActiveCfg = Release|Any CPU
		{1504AFF2-ADE5-42E4-9F19-D622B07DC059}.Release|Any CPU.Build.0 = Release|Any CPU
		{1504AFF2-ADE5-42E4-9F19-D622B07DC059}.Release|ARM.ActiveCfg = Release|ARM
		{1504AFF2-ADE5-42E4-9F19-D622B07DC059}.Release|ARM.Build.0 = Release|ARM
		{1504AFF2-ADE5-42E4-9F19-D622B07DC059}.Release|Mixed Platforms.ActiveCfg = Release|x86
		{1504AFF2-ADE5-42E4-9F19-D622B07DC059}.Release|Mixed Platforms.Build.0 = Release|x86
		{1504AFF2-ADE5-42E4-9F19-D622B07DC059}.Release|x86.ActiveCfg = Release|x86
		{1504AFF2-ADE5-42E4-9F19-D622B07DC059}.Release|x86.Build.0 = Release|x86
		{1504AFF2-ADE5-42E4-9F19-D622B07DC059}.Test|Any CPU.ActiveCfg = Release|Any CPU
		{1504AFF2-ADE5-42E4-9F19-D622B07DC059}.Test|Any CPU.Build.0 = Release|Any CPU
		{1504AFF2-ADE5-42E4-9F19-D622B07DC059}.Test|ARM.ActiveCfg = Release|ARM
		{1504AFF2-ADE5-42E4-9F19-D622B07DC059}.Test|ARM.Build.0 = Release|ARM
		{1504AFF2-ADE5-42E4-9F19-D622B07DC059}.Test|Mixed Platforms.ActiveCfg = Release|x86
		{1504AFF2-ADE5-42E4-9F19-D622B07DC059}.Test|Mixed Platforms.Build.0 = Release|x86
		{1504AFF2-ADE5-42E4-9F19-D622B07DC059}.Test|x86.ActiveCfg = Release|x86
		{1504AFF2-ADE5-42E4-9F19-D622B07DC059}.Test|x86.Build.0 = Release|x86
		{EB9A2E1E-4AA4-4F78-88AD-335F78FD8884}.Debug|Any CPU.ActiveCfg = Debug|Any CPU
		{EB9A2E1E-4AA4-4F78-88AD-335F78FD8884}.Debug|Any CPU.Build.0 = Debug|Any CPU
		{EB9A2E1E-4AA4-4F78-88AD-335F78FD8884}.Debug|ARM.ActiveCfg = Debug|ARM
		{EB9A2E1E-4AA4-4F78-88AD-335F78FD8884}.Debug|ARM.Build.0 = Debug|ARM
		{EB9A2E1E-4AA4-4F78-88AD-335F78FD8884}.Debug|Mixed Platforms.ActiveCfg = Debug|x86
		{EB9A2E1E-4AA4-4F78-88AD-335F78FD8884}.Debug|Mixed Platforms.Build.0 = Debug|x86
		{EB9A2E1E-4AA4-4F78-88AD-335F78FD8884}.Debug|x86.ActiveCfg = Debug|x86
		{EB9A2E1E-4AA4-4F78-88AD-335F78FD8884}.Debug|x86.Build.0 = Debug|x86
		{EB9A2E1E-4AA4-4F78-88AD-335F78FD8884}.Release|Any CPU.ActiveCfg = Release|Any CPU
		{EB9A2E1E-4AA4-4F78-88AD-335F78FD8884}.Release|Any CPU.Build.0 = Release|Any CPU
		{EB9A2E1E-4AA4-4F78-88AD-335F78FD8884}.Release|ARM.ActiveCfg = Release|ARM
		{EB9A2E1E-4AA4-4F78-88AD-335F78FD8884}.Release|ARM.Build.0 = Release|ARM
		{EB9A2E1E-4AA4-4F78-88AD-335F78FD8884}.Release|Mixed Platforms.ActiveCfg = Release|x86
		{EB9A2E1E-4AA4-4F78-88AD-335F78FD8884}.Release|Mixed Platforms.Build.0 = Release|x86
		{EB9A2E1E-4AA4-4F78-88AD-335F78FD8884}.Release|x86.ActiveCfg = Release|x86
		{EB9A2E1E-4AA4-4F78-88AD-335F78FD8884}.Release|x86.Build.0 = Release|x86
		{EB9A2E1E-4AA4-4F78-88AD-335F78FD8884}.Test|Any CPU.ActiveCfg = Release|Any CPU
		{EB9A2E1E-4AA4-4F78-88AD-335F78FD8884}.Test|Any CPU.Build.0 = Release|Any CPU
		{EB9A2E1E-4AA4-4F78-88AD-335F78FD8884}.Test|ARM.ActiveCfg = Release|ARM
		{EB9A2E1E-4AA4-4F78-88AD-335F78FD8884}.Test|ARM.Build.0 = Release|ARM
		{EB9A2E1E-4AA4-4F78-88AD-335F78FD8884}.Test|Mixed Platforms.ActiveCfg = Release|x86
		{EB9A2E1E-4AA4-4F78-88AD-335F78FD8884}.Test|Mixed Platforms.Build.0 = Release|x86
		{EB9A2E1E-4AA4-4F78-88AD-335F78FD8884}.Test|x86.ActiveCfg = Release|x86
		{EB9A2E1E-4AA4-4F78-88AD-335F78FD8884}.Test|x86.Build.0 = Release|x86
		{6808E11E-2C69-4DB1-B70E-05AA5671EFE2}.Debug|Any CPU.ActiveCfg = Debug|Any CPU
		{6808E11E-2C69-4DB1-B70E-05AA5671EFE2}.Debug|Any CPU.Build.0 = Debug|Any CPU
		{6808E11E-2C69-4DB1-B70E-05AA5671EFE2}.Debug|ARM.ActiveCfg = Debug|ARM
		{6808E11E-2C69-4DB1-B70E-05AA5671EFE2}.Debug|ARM.Build.0 = Debug|ARM
		{6808E11E-2C69-4DB1-B70E-05AA5671EFE2}.Debug|Mixed Platforms.ActiveCfg = Debug|x86
		{6808E11E-2C69-4DB1-B70E-05AA5671EFE2}.Debug|Mixed Platforms.Build.0 = Debug|x86
		{6808E11E-2C69-4DB1-B70E-05AA5671EFE2}.Debug|x86.ActiveCfg = Debug|x86
		{6808E11E-2C69-4DB1-B70E-05AA5671EFE2}.Debug|x86.Build.0 = Debug|x86
		{6808E11E-2C69-4DB1-B70E-05AA5671EFE2}.Release|Any CPU.ActiveCfg = Release|Any CPU
		{6808E11E-2C69-4DB1-B70E-05AA5671EFE2}.Release|Any CPU.Build.0 = Release|Any CPU
		{6808E11E-2C69-4DB1-B70E-05AA5671EFE2}.Release|ARM.ActiveCfg = Release|ARM
		{6808E11E-2C69-4DB1-B70E-05AA5671EFE2}.Release|ARM.Build.0 = Release|ARM
		{6808E11E-2C69-4DB1-B70E-05AA5671EFE2}.Release|Mixed Platforms.ActiveCfg = Release|x86
		{6808E11E-2C69-4DB1-B70E-05AA5671EFE2}.Release|Mixed Platforms.Build.0 = Release|x86
		{6808E11E-2C69-4DB1-B70E-05AA5671EFE2}.Release|x86.ActiveCfg = Release|x86
		{6808E11E-2C69-4DB1-B70E-05AA5671EFE2}.Release|x86.Build.0 = Release|x86
		{6808E11E-2C69-4DB1-B70E-05AA5671EFE2}.Test|Any CPU.ActiveCfg = Release|Any CPU
		{6808E11E-2C69-4DB1-B70E-05AA5671EFE2}.Test|Any CPU.Build.0 = Release|Any CPU
		{6808E11E-2C69-4DB1-B70E-05AA5671EFE2}.Test|ARM.ActiveCfg = Release|ARM
		{6808E11E-2C69-4DB1-B70E-05AA5671EFE2}.Test|ARM.Build.0 = Release|ARM
		{6808E11E-2C69-4DB1-B70E-05AA5671EFE2}.Test|Mixed Platforms.ActiveCfg = Release|x86
		{6808E11E-2C69-4DB1-B70E-05AA5671EFE2}.Test|Mixed Platforms.Build.0 = Release|x86
		{6808E11E-2C69-4DB1-B70E-05AA5671EFE2}.Test|x86.ActiveCfg = Release|x86
		{6808E11E-2C69-4DB1-B70E-05AA5671EFE2}.Test|x86.Build.0 = Release|x86
	EndGlobalSection
	GlobalSection(SolutionProperties) = preSolution
		HideSolutionNode = FALSE
	EndGlobalSection
EndGlobal
